
Microsoft Visual Studio Solution File, Format Version 12.00
# Visual Studio Version 16
VisualStudioVersion = 16.0.30104.148
MinimumVisualStudioVersion = 10.0.40219.1
Project("{888888A0-9F3D-457C-B088-3A5042F75D52}") = "pets2", "pets2.pyproj", "{1FD83AF9-634F-469F-AFF1-A78D602750A6}"
EndProject
Global
	GlobalSection(SolutionConfigurationPlatforms) = preSolution
		Debug|Any CPU = Debug|Any CPU
		Release|Any CPU = Release|Any CPU
	EndGlobalSection
	GlobalSection(ProjectConfigurationPlatforms) = postSolution
		{1FD83AF9-634F-469F-AFF1-A78D602750A6}.Debug|Any CPU.ActiveCfg = Debug|Any CPU
		{1FD83AF9-634F-469F-AFF1-A78D602750A6}.Release|Any CPU.ActiveCfg = Release|Any CPU
	EndGlobalSection
	GlobalSection(SolutionProperties) = preSolution
		HideSolutionNode = FALSE
	EndGlobalSection
	GlobalSection(ExtensibilityGlobals) = postSolution
		SolutionGuid = {EC6C3F54-1BF3-42E2-91A0-208D6A0B2FCD}
	EndGlobalSection
EndGlobal
