
Microsoft Visual Studio Solution File, Format Version 12.00
# Visual Studio Version 16
VisualStudioVersion = 16.0.30104.148
MinimumVisualStudioVersion = 10.0.40219.1
Project("{888888A0-9F3D-457C-B088-3A5042F75D52}") = "10-4guest_book", "10-4guest_book.pyproj", "{89F909ED-E7C0-4DD8-A617-0A5FEEA239B7}"
EndProject
Global
	GlobalSection(SolutionConfigurationPlatforms) = preSolution
		Debug|Any CPU = Debug|Any CPU
		Release|Any CPU = Release|Any CPU
	EndGlobalSection
	GlobalSection(ProjectConfigurationPlatforms) = postSolution
		{89F909ED-E7C0-4DD8-A617-0A5FEEA239B7}.Debug|Any CPU.ActiveCfg = Debug|Any CPU
		{89F909ED-E7C0-4DD8-A617-0A5FEEA239B7}.Release|Any CPU.ActiveCfg = Release|Any CPU
	EndGlobalSection
	GlobalSection(SolutionProperties) = preSolution
		HideSolutionNode = FALSE
	EndGlobalSection
	GlobalSection(ExtensibilityGlobals) = postSolution
		SolutionGuid = {2CC1B385-3C1B-4C9F-ADF6-5865E5567C16}
	EndGlobalSection
EndGlobal
