
Microsoft Visual Studio Solution File, Format Version 12.00
# Visual Studio Version 16
VisualStudioVersion = 16.0.30104.148
MinimumVisualStudioVersion = 10.0.40219.1
Project("{888888A0-9F3D-457C-B088-3A5042F75D52}") = "Restaurant_seating", "Restaurant_seating.pyproj", "{84CE8912-62EA-4375-A563-656768C19FDE}"
EndProject
Global
	GlobalSection(SolutionConfigurationPlatforms) = preSolution
		Debug|Any CPU = Debug|Any CPU
		Release|Any CPU = Release|Any CPU
	EndGlobalSection
	GlobalSection(ProjectConfigurationPlatforms) = postSolution
		{84CE8912-62EA-4375-A563-656768C19FDE}.Debug|Any CPU.ActiveCfg = Debug|Any CPU
		{84CE8912-62EA-4375-A563-656768C19FDE}.Release|Any CPU.ActiveCfg = Release|Any CPU
	EndGlobalSection
	GlobalSection(SolutionProperties) = preSolution
		HideSolutionNode = FALSE
	EndGlobalSection
	GlobalSection(ExtensibilityGlobals) = postSolution
		SolutionGuid = {1E7DBF41-4DB4-48A3-A232-0EA564BF761D}
	EndGlobalSection
EndGlobal
