
Microsoft Visual Studio Solution File, Format Version 12.00
# Visual Studio Version 16
VisualStudioVersion = 16.0.30104.148
MinimumVisualStudioVersion = 10.0.40219.1
Project("{888888A0-9F3D-457C-B088-3A5042F75D52}") = "multiples_of_ten", "multiples_of_ten.pyproj", "{447555AA-92DE-4E68-9C94-5D20404F01CC}"
EndProject
Global
	GlobalSection(SolutionConfigurationPlatforms) = preSolution
		Debug|Any CPU = Debug|Any CPU
		Release|Any CPU = Release|Any CPU
	EndGlobalSection
	GlobalSection(ProjectConfigurationPlatforms) = postSolution
		{447555AA-92DE-4E68-9C94-5D20404F01CC}.Debug|Any CPU.ActiveCfg = Debug|Any CPU
		{447555AA-92DE-4E68-9C94-5D20404F01CC}.Release|Any CPU.ActiveCfg = Release|Any CPU
	EndGlobalSection
	GlobalSection(SolutionProperties) = preSolution
		HideSolutionNode = FALSE
	EndGlobalSection
	GlobalSection(ExtensibilityGlobals) = postSolution
		SolutionGuid = {5F3B8647-B64E-4E15-A069-4A852AE59623}
	EndGlobalSection
EndGlobal
