
Microsoft Visual Studio Solution File, Format Version 12.00
# Visual Studio Version 16
VisualStudioVersion = 16.0.30104.148
MinimumVisualStudioVersion = 10.0.40219.1
Project("{888888A0-9F3D-457C-B088-3A5042F75D52}") = "11-2population", "11-2population.pyproj", "{664454FF-FDAA-4815-9FA8-E9AB9D821F55}"
EndProject
Global
	GlobalSection(SolutionConfigurationPlatforms) = preSolution
		Debug|Any CPU = Debug|Any CPU
		Release|Any CPU = Release|Any CPU
	EndGlobalSection
	GlobalSection(ProjectConfigurationPlatforms) = postSolution
		{664454FF-FDAA-4815-9FA8-E9AB9D821F55}.Debug|Any CPU.ActiveCfg = Debug|Any CPU
		{664454FF-FDAA-4815-9FA8-E9AB9D821F55}.Release|Any CPU.ActiveCfg = Release|Any CPU
	EndGlobalSection
	GlobalSection(SolutionProperties) = preSolution
		HideSolutionNode = FALSE
	EndGlobalSection
	GlobalSection(ExtensibilityGlobals) = postSolution
		SolutionGuid = {0D8E0B14-8214-4EE5-9F23-318AB989AE4B}
	EndGlobalSection
EndGlobal
