
Microsoft Visual Studio Solution File, Format Version 12.00
# Visual Studio Version 16
VisualStudioVersion = 16.0.30104.148
MinimumVisualStudioVersion = 10.0.40219.1
Project("{888888A0-9F3D-457C-B088-3A5042F75D52}") = "ice_cream_stand_9-6", "ice_cream_stand_9-6.pyproj", "{6A31A142-6FCD-42A2-9577-5F4ED765BB76}"
EndProject
Global
	GlobalSection(SolutionConfigurationPlatforms) = preSolution
		Debug|Any CPU = Debug|Any CPU
		Release|Any CPU = Release|Any CPU
	EndGlobalSection
	GlobalSection(ProjectConfigurationPlatforms) = postSolution
		{6A31A142-6FCD-42A2-9577-5F4ED765BB76}.Debug|Any CPU.ActiveCfg = Debug|Any CPU
		{6A31A142-6FCD-42A2-9577-5F4ED765BB76}.Release|Any CPU.ActiveCfg = Release|Any CPU
	EndGlobalSection
	GlobalSection(SolutionProperties) = preSolution
		HideSolutionNode = FALSE
	EndGlobalSection
	GlobalSection(ExtensibilityGlobals) = postSolution
		SolutionGuid = {70925547-133C-4B90-BB7F-C05F9FEC509E}
	EndGlobalSection
EndGlobal
