
Microsoft Visual Studio Solution File, Format Version 12.00
# Visual Studio Version 16
VisualStudioVersion = 16.0.30104.148
MinimumVisualStudioVersion = 10.0.40219.1
Project("{888888A0-9F3D-457C-B088-3A5042F75D52}") = "movie_tickets", "movie_tickets.pyproj", "{EA44647D-6FA2-40F7-A7C5-DCCBA445050B}"
EndProject
Global
	GlobalSection(SolutionConfigurationPlatforms) = preSolution
		Debug|Any CPU = Debug|Any CPU
		Release|Any CPU = Release|Any CPU
	EndGlobalSection
	GlobalSection(ProjectConfigurationPlatforms) = postSolution
		{EA44647D-6FA2-40F7-A7C5-DCCBA445050B}.Debug|Any CPU.ActiveCfg = Debug|Any CPU
		{EA44647D-6FA2-40F7-A7C5-DCCBA445050B}.Release|Any CPU.ActiveCfg = Release|Any CPU
	EndGlobalSection
	GlobalSection(SolutionProperties) = preSolution
		HideSolutionNode = FALSE
	EndGlobalSection
	GlobalSection(ExtensibilityGlobals) = postSolution
		SolutionGuid = {9600DF9D-45FD-4252-A467-16D1AD0F8CC3}
	EndGlobalSection
EndGlobal
