
Microsoft Visual Studio Solution File, Format Version 12.00
# Visual Studio Version 16
VisualStudioVersion = 16.0.30104.148
MinimumVisualStudioVersion = 10.0.40219.1
Project("{888888A0-9F3D-457C-B088-3A5042F75D52}") = "multiple_modules", "multiple_modules.pyproj", "{765860F6-172E-49B2-88E2-2D0651F3A939}"
EndProject
Global
	GlobalSection(SolutionConfigurationPlatforms) = preSolution
		Debug|Any CPU = Debug|Any CPU
		Release|Any CPU = Release|Any CPU
	EndGlobalSection
	GlobalSection(ProjectConfigurationPlatforms) = postSolution
		{765860F6-172E-49B2-88E2-2D0651F3A939}.Debug|Any CPU.ActiveCfg = Debug|Any CPU
		{765860F6-172E-49B2-88E2-2D0651F3A939}.Release|Any CPU.ActiveCfg = Release|Any CPU
	EndGlobalSection
	GlobalSection(SolutionProperties) = preSolution
		HideSolutionNode = FALSE
	EndGlobalSection
	GlobalSection(ExtensibilityGlobals) = postSolution
		SolutionGuid = {7F95D1A4-E767-416E-A445-9B2EB50BE06F}
	EndGlobalSection
EndGlobal
