
Microsoft Visual Studio Solution File, Format Version 12.00
# Visual Studio Version 16
VisualStudioVersion = 16.0.30104.148
MinimumVisualStudioVersion = 10.0.40219.1
Project("{888888A0-9F3D-457C-B088-3A5042F75D52}") = "album", "album.pyproj", "{3FBC304E-EAAD-4B1E-BA79-8459D8E49AB8}"
EndProject
Global
	GlobalSection(SolutionConfigurationPlatforms) = preSolution
		Debug|Any CPU = Debug|Any CPU
		Release|Any CPU = Release|Any CPU
	EndGlobalSection
	GlobalSection(ProjectConfigurationPlatforms) = postSolution
		{3FBC304E-EAAD-4B1E-BA79-8459D8E49AB8}.Debug|Any CPU.ActiveCfg = Debug|Any CPU
		{3FBC304E-EAAD-4B1E-BA79-8459D8E49AB8}.Release|Any CPU.ActiveCfg = Release|Any CPU
	EndGlobalSection
	GlobalSection(SolutionProperties) = preSolution
		HideSolutionNode = FALSE
	EndGlobalSection
	GlobalSection(ExtensibilityGlobals) = postSolution
		SolutionGuid = {295A9ACF-F9BE-497A-967A-F9F489249B5E}
	EndGlobalSection
EndGlobal
