
Microsoft Visual Studio Solution File, Format Version 12.00
# Visual Studio Version 16
VisualStudioVersion = 16.0.30104.148
MinimumVisualStudioVersion = 10.0.40219.1
Project("{888888A0-9F3D-457C-B088-3A5042F75D52}") = "10-11read_favourite_number", "10-11read_favourite_number.pyproj", "{474BF6A1-1983-4879-BA65-4A83B9A63389}"
EndProject
Global
	GlobalSection(SolutionConfigurationPlatforms) = preSolution
		Debug|Any CPU = Debug|Any CPU
		Release|Any CPU = Release|Any CPU
	EndGlobalSection
	GlobalSection(ProjectConfigurationPlatforms) = postSolution
		{474BF6A1-1983-4879-BA65-4A83B9A63389}.Debug|Any CPU.ActiveCfg = Debug|Any CPU
		{474BF6A1-1983-4879-BA65-4A83B9A63389}.Release|Any CPU.ActiveCfg = Release|Any CPU
	EndGlobalSection
	GlobalSection(SolutionProperties) = preSolution
		HideSolutionNode = FALSE
	EndGlobalSection
	GlobalSection(ExtensibilityGlobals) = postSolution
		SolutionGuid = {8028821F-6724-42BD-9907-AB63BA7829EC}
	EndGlobalSection
EndGlobal
