
Microsoft Visual Studio Solution File, Format Version 12.00
# Visual Studio Version 16
VisualStudioVersion = 16.0.30104.148
MinimumVisualStudioVersion = 10.0.40219.1
Project("{888888A0-9F3D-457C-B088-3A5042F75D52}") = "dream_vacation", "dream_vacation.pyproj", "{00F62371-F4FD-44EA-8106-E349DDB3882E}"
EndProject
Global
	GlobalSection(SolutionConfigurationPlatforms) = preSolution
		Debug|Any CPU = Debug|Any CPU
		Release|Any CPU = Release|Any CPU
	EndGlobalSection
	GlobalSection(ProjectConfigurationPlatforms) = postSolution
		{00F62371-F4FD-44EA-8106-E349DDB3882E}.Debug|Any CPU.ActiveCfg = Debug|Any CPU
		{00F62371-F4FD-44EA-8106-E349DDB3882E}.Release|Any CPU.ActiveCfg = Release|Any CPU
	EndGlobalSection
	GlobalSection(SolutionProperties) = preSolution
		HideSolutionNode = FALSE
	EndGlobalSection
	GlobalSection(ExtensibilityGlobals) = postSolution
		SolutionGuid = {C28E6E33-09FD-4550-9038-9E62BC7733B3}
	EndGlobalSection
EndGlobal
