
Microsoft Visual Studio Solution File, Format Version 12.00
# Visual Studio Version 16
VisualStudioVersion = 16.0.30104.148
MinimumVisualStudioVersion = 10.0.40219.1
Project("{888888A0-9F3D-457C-B088-3A5042F75D52}") = "infinity", "infinity.pyproj", "{C988CE70-CD97-4915-8FC6-7CD968A55298}"
EndProject
Global
	GlobalSection(SolutionConfigurationPlatforms) = preSolution
		Debug|Any CPU = Debug|Any CPU
		Release|Any CPU = Release|Any CPU
	EndGlobalSection
	GlobalSection(ProjectConfigurationPlatforms) = postSolution
		{C988CE70-CD97-4915-8FC6-7CD968A55298}.Debug|Any CPU.ActiveCfg = Debug|Any CPU
		{C988CE70-CD97-4915-8FC6-7CD968A55298}.Release|Any CPU.ActiveCfg = Release|Any CPU
	EndGlobalSection
	GlobalSection(SolutionProperties) = preSolution
		HideSolutionNode = FALSE
	EndGlobalSection
	GlobalSection(ExtensibilityGlobals) = postSolution
		SolutionGuid = {BDF8DC03-0A2A-491A-9388-0A14F93F8EA7}
	EndGlobalSection
EndGlobal
