
Microsoft Visual Studio Solution File, Format Version 12.00
# Visual Studio Version 16
VisualStudioVersion = 16.0.30104.148
MinimumVisualStudioVersion = 10.0.40219.1
Project("{888888A0-9F3D-457C-B088-3A5042F75D52}") = "greet_user", "greet_user.pyproj", "{77E3D7E2-BFA6-410B-B039-B9CE80092CCC}"
EndProject
Global
	GlobalSection(SolutionConfigurationPlatforms) = preSolution
		Debug|Any CPU = Debug|Any CPU
		Release|Any CPU = Release|Any CPU
	EndGlobalSection
	GlobalSection(ProjectConfigurationPlatforms) = postSolution
		{77E3D7E2-BFA6-410B-B039-B9CE80092CCC}.Debug|Any CPU.ActiveCfg = Debug|Any CPU
		{77E3D7E2-BFA6-410B-B039-B9CE80092CCC}.Release|Any CPU.ActiveCfg = Release|Any CPU
	EndGlobalSection
	GlobalSection(SolutionProperties) = preSolution
		HideSolutionNode = FALSE
	EndGlobalSection
	GlobalSection(ExtensibilityGlobals) = postSolution
		SolutionGuid = {F4D35310-CDF4-4395-8D9A-59587B3E8ACC}
	EndGlobalSection
EndGlobal
