
Microsoft Visual Studio Solution File, Format Version 12.00
# Visual Studio Version 16
VisualStudioVersion = 16.0.30104.148
MinimumVisualStudioVersion = 10.0.40219.1
Project("{888888A0-9F3D-457C-B088-3A5042F75D52}") = "pi_string", "pi_string.pyproj", "{56694892-84A3-44B4-A6A3-B42369B248C6}"
EndProject
Global
	GlobalSection(SolutionConfigurationPlatforms) = preSolution
		Debug|Any CPU = Debug|Any CPU
		Release|Any CPU = Release|Any CPU
	EndGlobalSection
	GlobalSection(ProjectConfigurationPlatforms) = postSolution
		{56694892-84A3-44B4-A6A3-B42369B248C6}.Debug|Any CPU.ActiveCfg = Debug|Any CPU
		{56694892-84A3-44B4-A6A3-B42369B248C6}.Release|Any CPU.ActiveCfg = Release|Any CPU
	EndGlobalSection
	GlobalSection(SolutionProperties) = preSolution
		HideSolutionNode = FALSE
	EndGlobalSection
	GlobalSection(ExtensibilityGlobals) = postSolution
		SolutionGuid = {10464DA8-B0D9-4459-B2EE-39AB0A54381B}
	EndGlobalSection
EndGlobal
